
Microsoft Visual Studio Solution File, Format Version 12.00
# Visual Studio Version 17
VisualStudioVersion = 17.3.32825.248
MinimumVisualStudioVersion = 10.0.40219.1
Project("{FAE04EC0-301F-11D3-BF4B-00C04F79EFBC}") = "JwtWebApi", "JwtWebApi\JwtWebApi.csproj", "{2E4EB215-6056-421D-871D-DABD48565909}"
EndProject
Global
	GlobalSection(SolutionConfigurationPlatforms) = preSolution
		Debug|Any CPU = Debug|Any CPU
		Release|Any CPU = Release|Any CPU
	EndGlobalSection
	GlobalSection(ProjectConfigurationPlatforms) = postSolution
		{2E4EB215-6056-421D-871D-DABD48565909}.Debug|Any CPU.ActiveCfg = Debug|Any CPU
		{2E4EB215-6056-421D-871D-DABD48565909}.Debug|Any CPU.Build.0 = Debug|Any CPU
		{2E4EB215-6056-421D-871D-DABD48565909}.Release|Any CPU.ActiveCfg = Release|Any CPU
		{2E4EB215-6056-421D-871D-DABD48565909}.Release|Any CPU.Build.0 = Release|Any CPU
	EndGlobalSection
	GlobalSection(SolutionProperties) = preSolution
		HideSolutionNode = FALSE
	EndGlobalSection
	GlobalSection(ExtensibilityGlobals) = postSolution
		SolutionGuid = {76277540-C8E8-4183-9E0C-E8A32105B340}
	EndGlobalSection
EndGlobal
